// !$*UTF8*$!
{
	archiveVersion = 1;
	classes = {
	};
	objectVersion = 50;
	objects = {

/* Begin PBXBuildFile section */
		3601D582214F91EC008197B8 /* AppDelegate.swift in Sources */ = {isa = PBXBuildFile; fileRef = 3601D581214F91EC008197B8 /* AppDelegate.swift */; };
		3601D584214F91EC008197B8 /* ViewController.swift in Sources */ = {isa = PBXBuildFile; fileRef = 3601D583214F91EC008197B8 /* ViewController.swift */; };
		3601D587214F91EC008197B8 /* Main.storyboard in Resources */ = {isa = PBXBuildFile; fileRef = 3601D585214F91EC008197B8 /* Main.storyboard */; };
		3601D589214F91ED008197B8 /* Assets.xcassets in Resources */ = {isa = PBXBuildFile; fileRef = 3601D588214F91ED008197B8 /* Assets.xcassets */; };
		3601D58C214F91ED008197B8 /* LaunchScreen.storyboard in Resources */ = {isa = PBXBuildFile; fileRef = 3601D58A214F91ED008197B8 /* LaunchScreen.storyboard */; };
		3601D594214F931F008197B8 /* DataServices.swift in Sources */ = {isa = PBXBuildFile; fileRef = 3601D593214F931F008197B8 /* DataServices.swift */; };
		387603E5D2B32B2AE720C47A /* Pods_Learn_Moya.framework in Frameworks */ = {isa = PBXBuildFile; fileRef = 2CE5219C047AD3E8B5D72F3C /* Pods_Learn_Moya.framework */; };
/* End PBXBuildFile section */

/* Begin PBXFileReference section */
		2CE5219C047AD3E8B5D72F3C /* Pods_Learn_Moya.framework */ = {isa = PBXFileReference; explicitFileType = wrapper.framework; includeInIndex = 0; path = Pods_Learn_Moya.framework; sourceTree = BUILT_PRODUCTS_DIR; };
		3601D57E214F91EC008197B8 /* Learn Moya.app */ = {isa = PBXFileReference; explicitFileType = wrapper.application; includeInIndex = 0; path = "Learn Moya.app"; sourceTree = BUILT_PRODUCTS_DIR; };
		3601D581214F91EC008197B8 /* AppDelegate.swift */ = {isa = PBXFileReference; lastKnownFileType = sourcecode.swift; path = AppDelegate.swift; sourceTree = "<group>"; };
		3601D583214F91EC008197B8 /* ViewController.swift */ = {isa = PBXFileReference; lastKnownFileType = sourcecode.swift; path = ViewController.swift; sourceTree = "<group>"; };
		3601D586214F91EC008197B8 /* Base */ = {isa = PBXFileReference; lastKnownFileType = file.storyboard; name = Base; path = Base.lproj/Main.storyboard; sourceTree = "<group>"; };
		3601D588214F91ED008197B8 /* Assets.xcassets */ = {isa = PBXFileReference; lastKnownFileType = folder.assetcatalog; path = Assets.xcassets; sourceTree = "<group>"; };
		3601D58B214F91ED008197B8 /* Base */ = {isa = PBXFileReference; lastKnownFileType = file.storyboard; name = Base; path = Base.lproj/LaunchScreen.storyboard; sourceTree = "<group>"; };
		3601D58D214F91ED008197B8 /* Info.plist */ = {isa = PBXFileReference; lastKnownFileType = text.plist.xml; path = Info.plist; sourceTree = "<group>"; };
		3601D593214F931F008197B8 /* DataServices.swift */ = {isa = PBXFileReference; lastKnownFileType = sourcecode.swift; path = DataServices.swift; sourceTree = "<group>"; };
		7B8340C1317862D3AA6A929C /* Pods-Learn Moya.debug.xcconfig */ = {isa = PBXFileReference; includeInIndex = 1; lastKnownFileType = text.xcconfig; name = "Pods-Learn Moya.debug.xcconfig"; path = "Pods/Target Support Files/Pods-Learn Moya/Pods-Learn Moya.debug.xcconfig"; sourceTree = "<group>"; };
		CE3D822CFD81852A7F7A6F55 /* Pods-Learn Moya.release.xcconfig */ = {isa = PBXFileReference; includeInIndex = 1; lastKnownFileType = text.xcconfig; name = "Pods-Learn Moya.release.xcconfig"; path = "Pods/Target Support Files/Pods-Learn Moya/Pods-Learn Moya.release.xcconfig"; sourceTree = "<group>"; };
/* End PBXFileReference section */

/* Begin PBXFrameworksBuildPhase section */
		3601D57B214F91EC008197B8 /* Frameworks */ = {
			isa = PBXFrameworksBuildPhase;
			buildActionMask = 2147483647;
			files = (
				387603E5D2B32B2AE720C47A /* Pods_Learn_Moya.framework in Frameworks */,
			);
			runOnlyForDeploymentPostprocessing = 0;
		};
/* End PBXFrameworksBuildPhase section */

/* Begin PBXGroup section */
		3601D575214F91EC008197B8 = {
			isa = PBXGroup;
			children = (
				3601D580214F91EC008197B8 /* Learn Moya */,
				3601D57F214F91EC008197B8 /* Products */,
				79B4413558749899319D0793 /* Pods */,
				3692F61174FE26922E59BDA0 /* Frameworks */,
			);
			sourceTree = "<group>";
		};
		3601D57F214F91EC008197B8 /* Products */ = {
			isa = PBXGroup;
			children = (
				3601D57E214F91EC008197B8 /* Learn Moya.app */,
			);
			name = Products;
			sourceTree = "<group>";
		};
		3601D580214F91EC008197B8 /* Learn Moya */ = {
			isa = PBXGroup;
			children = (
				3601D581214F91EC008197B8 /* AppDelegate.swift */,
				3601D583214F91EC008197B8 /* ViewController.swift */,
				3601D585214F91EC008197B8 /* Main.storyboard */,
				3601D588214F91ED008197B8 /* Assets.xcassets */,
				3601D58A214F91ED008197B8 /* LaunchScreen.storyboard */,
				3601D58D214F91ED008197B8 /* Info.plist */,
				3601D593214F931F008197B8 /* DataServices.swift */,
			);
			path = "Learn Moya";
			sourceTree = "<group>";
		};
		3692F61174FE26922E59BDA0 /* Frameworks */ = {
			isa = PBXGroup;
			children = (
				2CE5219C047AD3E8B5D72F3C /* Pods_Learn_Moya.framework */,
			);
			name = Frameworks;
			sourceTree = "<group>";
		};
		79B4413558749899319D0793 /* Pods */ = {
			isa = PBXGroup;
			children = (
				7B8340C1317862D3AA6A929C /* Pods-Learn Moya.debug.xcconfig */,
				CE3D822CFD81852A7F7A6F55 /* Pods-Learn Moya.release.xcconfig */,
			);
			name = Pods;
			sourceTree = "<group>";
		};
/* End PBXGroup section */

/* Begin PBXNativeTarget section */
		3601D57D214F91EC008197B8 /* Learn Moya */ = {
			isa = PBXNativeTarget;
			buildConfigurationList = 3601D590214F91ED008197B8 /* Build configuration list for PBXNativeTarget "Learn Moya" */;
			buildPhases = (
				D1CCBAB7DBAB1B993B9C9E77 /* [CP] Check Pods Manifest.lock */,
				3601D57A214F91EC008197B8 /* Sources */,
				3601D57B214F91EC008197B8 /* Frameworks */,
				3601D57C214F91EC008197B8 /* Resources */,
				7B7BD1946DB5A9B535AD5BA2 /* [CP] Embed Pods Frameworks */,
			);
			buildRules = (
			);
			dependencies = (
			);
			name = "Learn Moya";
			productName = "Learn Moya";
			productReference = 3601D57E214F91EC008197B8 /* Learn Moya.app */;
			productType = "com.apple.product-type.application";
		};
/* End PBXNativeTarget section */

/* Begin PBXProject section */
		3601D576214F91EC008197B8 /* Project object */ = {
			isa = PBXProject;
			attributes = {
				LastSwiftUpdateCheck = 0940;
				LastUpgradeCheck = 0940;
				ORGANIZATIONNAME = "veera reddy";
				TargetAttributes = {
					3601D57D214F91EC008197B8 = {
						CreatedOnToolsVersion = 9.4.1;
					};
				};
			};
			buildConfigurationList = 3601D579214F91EC008197B8 /* Build configuration list for PBXProject "Learn Moya" */;
			compatibilityVersion = "Xcode 9.3";
			developmentRegion = en;
			hasScannedForEncodings = 0;
			knownRegions = (
				en,
				Base,
			);
			mainGroup = 3601D575214F91EC008197B8;
			productRefGroup = 3601D57F214F91EC008197B8 /* Products */;
			projectDirPath = "";
			projectRoot = "";
			targets = (
				3601D57D214F91EC008197B8 /* Learn Moya */,
			);
		};
/* End PBXProject section */

/* Begin PBXResourcesBuildPhase section */
		3601D57C214F91EC008197B8 /* Resources */ = {
			isa = PBXResourcesBuildPhase;
			buildActionMask = 2147483647;
			files = (
				3601D58C214F91ED008197B8 /* LaunchScreen.storyboard in Resources */,
				3601D589214F91ED008197B8 /* Assets.xcassets in Resources */,
				3601D587214F91EC008197B8 /* Main.storyboard in Resources */,
			);
			runOnlyForDeploymentPostprocessing = 0;
		};
/* End PBXResourcesBuildPhase section */

/* Begin PBXShellScriptBuildPhase section */
		7B7BD1946DB5A9B535AD5BA2 /* [CP] Embed Pods Frameworks */ = {
			isa = PBXShellScriptBuildPhase;
			buildActionMask = 2147483647;
			files = (
			);
			inputPaths = (
				"${SRCROOT}/Pods/Target Support Files/Pods-Learn Moya/Pods-Learn Moya-frameworks.sh",
				"${BUILT_PRODUCTS_DIR}/Alamofire/Alamofire.framework",
				"${BUILT_PRODUCTS_DIR}/Moya/Moya.framework",
				"${BUILT_PRODUCTS_DIR}/Result/Result.framework",
			);
			name = "[CP] Embed Pods Frameworks";
			outputPaths = (
				"${TARGET_BUILD_DIR}/${FRAMEWORKS_FOLDER_PATH}/Alamofire.framework",
				"${TARGET_BUILD_DIR}/${FRAMEWORKS_FOLDER_PATH}/Moya.framework",
				"${TARGET_BUILD_DIR}/${FRAMEWORKS_FOLDER_PATH}/Result.framework",
			);
			runOnlyForDeploymentPostprocessing = 0;
			shellPath = /bin/sh;
			shellScript = "\"${SRCROOT}/Pods/Target Support Files/Pods-Learn Moya/Pods-Learn Moya-frameworks.sh\"\n";
			showEnvVarsInLog = 0;
		};
		D1CCBAB7DBAB1B993B9C9E77 /* [CP] Check Pods Manifest.lock */ = {
			isa = PBXShellScriptBuildPhase;
			buildActionMask = 2147483647;
			files = (
			);
			inputPaths = (
				"${PODS_PODFILE_DIR_PATH}/Podfile.lock",
				"${PODS_ROOT}/Manifest.lock",
			);
			name = "[CP] Check Pods Manifest.lock";
			outputPaths = (
				"$(DERIVED_FILE_DIR)/Pods-Learn Moya-checkManifestLockResult.txt",
			);
			runOnlyForDeploymentPostprocessing = 0;
			shellPath = /bin/sh;
			shellScript = "diff \"${PODS_PODFILE_DIR_PATH}/Podfile.lock\" \"${PODS_ROOT}/Manifest.lock\" > /dev/null\nif [ $? != 0 ] ; then\n    # print error to STDERR\n    echo \"error: The sandbox is not in sync with the Podfile.lock. Run 'pod install' or update your CocoaPods installation.\" >&2\n    exit 1\nfi\n# This output is used by Xcode 'outputs' to avoid re-running this script phase.\necho \"SUCCESS\" > \"${SCRIPT_OUTPUT_FILE_0}\"\n";
			showEnvVarsInLog = 0;
		};
/* End PBXShellScriptBuildPhase section */

/* Begin PBXSourcesBuildPhase section */
		3601D57A214F91EC008197B8 /* Sources */ = {
			isa = PBXSourcesBuildPhase;
			buildActionMask = 2147483647;
			files = (
				3601D594214F931F008197B8 /* DataServices.swift in Sources */,
				3601D584214F91EC008197B8 /* ViewController.swift in Sources */,
				3601D582214F91EC008197B8 /* AppDelegate.swift in Sources */,
			);
			runOnlyForDeploymentPostprocessing = 0;
		};
/* End PBXSourcesBuildPhase section */

/* Begin PBXVariantGroup section */
		3601D585214F91EC008197B8 /* Main.storyboard */ = {
			isa = PBXVariantGroup;
			children = (
				3601D586214F91EC008197B8 /* Base */,
			);
			name = Main.storyboard;
			sourceTree = "<group>";
		};
		3601D58A214F91ED008197B8 /* LaunchScreen.storyboard */ = {
			isa = PBXVariantGroup;
			children = (
				3601D58B214F91ED008197B8 /* Base */,
			);
			name = LaunchScreen.storyboard;
			sourceTree = "<group>";
		};
/* End PBXVariantGroup section */

/* Begin XCBuildConfiguration section */
		3601D58E214F91ED008197B8 /* Debug */ = {
			isa = XCBuildConfiguration;
			buildSettings = {
				ALWAYS_SEARCH_USER_PATHS = NO;
				CLANG_ANALYZER_NONNULL = YES;
				CLANG_ANALYZER_NUMBER_OBJECT_CONVERSION = YES_AGGRESSIVE;
				CLANG_CXX_LANGUAGE_STANDARD = "gnu++14";
				CLANG_CXX_LIBRARY = "libc++";
				CLANG_ENABLE_MODULES = YES;
				CLANG_ENABLE_OBJC_ARC = YES;
				CLANG_ENABLE_OBJC_WEAK = YES;
				CLANG_WARN_BLOCK_CAPTURE_AUTORELEASING = YES;
				CLANG_WARN_BOOL_CONVERSION = YES;
				CLANG_WARN_COMMA = YES;
				CLANG_WARN_CONSTANT_CONVERSION = YES;
				CLANG_WARN_DEPRECATED_OBJC_IMPLEMENTATIONS = YES;
				CLANG_WARN_DIRECT_OBJC_ISA_USAGE = YES_ERROR;
				CLANG_WARN_DOCUMENTATION_COMMENTS = YES;
				CLANG_WARN_EMPTY_BODY = YES;
				CLANG_WARN_ENUM_CONVERSION = YES;
				CLANG_WARN_INFINITE_RECURSION = YES;
				CLANG_WARN_INT_CONVERSION = YES;
				CLANG_WARN_NON_LITERAL_NULL_CONVERSION = YES;
				CLANG_WARN_OBJC_IMPLICIT_RETAIN_SELF = YES;
				CLANG_WARN_OBJC_LITERAL_CONVERSION = YES;
				CLANG_WARN_OBJC_ROOT_CLASS = YES_ERROR;
				CLANG_WARN_RANGE_LOOP_ANALYSIS = YES;
				CLANG_WARN_STRICT_PROTOTYPES = YES;
				CLANG_WARN_SUSPICIOUS_MOVE = YES;
				CLANG_WARN_UNGUARDED_AVAILABILITY = YES_AGGRESSIVE;
				CLANG_WARN_UNREACHABLE_CODE = YES;
				CLANG_WARN__DUPLICATE_METHOD_MATCH = YES;
				CODE_SIGN_IDENTITY = "iPhone Developer";
				COPY_PHASE_STRIP = NO;
				DEBUG_INFORMATION_FORMAT = dwarf;
				ENABLE_STRICT_OBJC_MSGSEND = YES;
				ENABLE_TESTABILITY = YES;
				GCC_C_LANGUAGE_STANDARD = gnu11;
				GCC_DYNAMIC_NO_PIC = NO;
				GCC_NO_COMMON_BLOCKS = YES;
				GCC_OPTIMIZATION_LEVEL = 0;
				GCC_PREPROCESSOR_DEFINITIONS = (
					"DEBUG=1",
					"$(inherited)",
				);
				GCC_WARN_64_TO_32_BIT_CONVERSION = YES;
				GCC_WARN_ABOUT_RETURN_TYPE = YES_ERROR;
				GCC_WARN_UNDECLARED_SELECTOR = YES;
				GCC_WARN_UNINITIALIZED_AUTOS = YES_AGGRESSIVE;
				GCC_WARN_UNUSED_FUNCTION = YES;
				GCC_WARN_UNUSED_VARIABLE = YES;
				IPHONEOS_DEPLOYMENT_TARGET = 11.4;
				MTL_ENABLE_DEBUG_INFO = YES;
				ONLY_ACTIVE_ARCH = YES;
				SDKROOT = iphoneos;
				SWIFT_ACTIVE_COMPILATION_CONDITIONS = DEBUG;
				SWIFT_OPTIMIZATION_LEVEL = "-Onone";
			};
			name = Debug;
		};
		3601D58F214F91ED008197B8 /* Release */ = {
			isa = XCBuildConfiguration;
			buildSettings = {
				ALWAYS_SEARCH_USER_PATHS = NO;
				CLANG_ANALYZER_NONNULL = YES;
				CLANG_ANALYZER_NUMBER_OBJECT_CONVERSION = YES_AGGRESSIVE;
				CLANG_CXX_LANGUAGE_STANDARD = "gnu++14";
				CLANG_CXX_LIBRARY = "libc++";
				CLANG_ENABLE_MODULES = YES;
				CLANG_ENABLE_OBJC_ARC = YES;
				CLANG_ENABLE_OBJC_WEAK = YES;
				CLANG_WARN_BLOCK_CAPTURE_AUTORELEASING = YES;
				CLANG_WARN_BOOL_CONVERSION = YES;
				CLANG_WARN_COMMA = YES;
				CLANG_WARN_CONSTANT_CONVERSION = YES;
				CLANG_WARN_DEPRECATED_OBJC_IMPLEMENTATIONS = YES;
				CLANG_WARN_DIRECT_OBJC_ISA_USAGE = YES_ERROR;
				CLANG_WARN_DOCUMENTATION_COMMENTS = YES;
				CLANG_WARN_EMPTY_BODY = YES;
				CLANG_WARN_ENUM_CONVERSION = YES;
				CLANG_WARN_INFINITE_RECURSION = YES;
				CLANG_WARN_INT_CONVERSION = YES;
				CLANG_WARN_NON_LITERAL_NULL_CONVERSION = YES;
				CLANG_WARN_OBJC_IMPLICIT_RETAIN_SELF = YES;
				CLANG_WARN_OBJC_LITERAL_CONVERSION = YES;
				CLANG_WARN_OBJC_ROOT_CLASS = YES_ERROR;
				CLANG_WARN_RANGE_LOOP_ANALYSIS = YES;
				CLANG_WARN_STRICT_PROTOTYPES = YES;
				CLANG_WARN_SUSPICIOUS_MOVE = YES;
				CLANG_WARN_UNGUARDED_AVAILABILITY = YES_AGGRESSIVE;
				CLANG_WARN_UNREACHABLE_CODE = YES;
				CLANG_WARN__DUPLICATE_METHOD_MATCH = YES;
				CODE_SIGN_IDENTITY = "iPhone Developer";
				COPY_PHASE_STRIP = NO;
				DEBUG_INFORMATION_FORMAT = "dwarf-with-dsym";
				ENABLE_NS_ASSERTIONS = NO;
				ENABLE_STRICT_OBJC_MSGSEND = YES;
				GCC_C_LANGUAGE_STANDARD = gnu11;
				GCC_NO_COMMON_BLOCKS = YES;
				GCC_WARN_64_TO_32_BIT_CONVERSION = YES;
				GCC_WARN_ABOUT_RETURN_TYPE = YES_ERROR;
				GCC_WARN_UNDECLARED_SELECTOR = YES;
				GCC_WARN_UNINITIALIZED_AUTOS = YES_AGGRESSIVE;
				GCC_WARN_UNUSED_FUNCTION = YES;
				GCC_WARN_UNUSED_VARIABLE = YES;
				IPHONEOS_DEPLOYMENT_TARGET = 11.4;
				MTL_ENABLE_DEBUG_INFO = NO;
				SDKROOT = iphoneos;
				SWIFT_COMPILATION_MODE = wholemodule;
				SWIFT_OPTIMIZATION_LEVEL = "-O";
				VALIDATE_PRODUCT = YES;
			};
			name = Release;
		};
		3601D591214F91ED008197B8 /* Debug */ = {
			isa = XCBuildConfiguration;
			baseConfigurationReference = 7B8340C1317862D3AA6A929C /* Pods-Learn Moya.debug.xcconfig */;
			buildSettings = {
				ASSETCATALOG_COMPILER_APPICON_NAME = AppIcon;
				CODE_SIGN_STYLE = Automatic;
				INFOPLIST_FILE = "Learn Moya/Info.plist";
				LD_RUNPATH_SEARCH_PATHS = (
					"$(inherited)",
					"@executable_path/Frameworks",
				);
				PRODUCT_BUNDLE_IDENTIFIER = "goavega.Learn-Moya";
				PRODUCT_NAME = "$(TARGET_NAME)";
				SWIFT_VERSION = 4.0;
				TARGETED_DEVICE_FAMILY = "1,2";
			};
			name = Debug;
		};
		3601D592214F91ED008197B8 /* Release */ = {
			isa = XCBuildConfiguration;
			baseConfigurationReference = CE3D822CFD81852A7F7A6F55 /* Pods-Learn Moya.release.xcconfig */;
			buildSettings = {
				ASSETCATALOG_COMPILER_APPICON_NAME = AppIcon;
				CODE_SIGN_STYLE = Automatic;
				INFOPLIST_FILE = "Learn Moya/Info.plist";
				LD_RUNPATH_SEARCH_PATHS = (
					"$(inherited)",
					"@executable_path/Frameworks",
				);
				PRODUCT_BUNDLE_IDENTIFIER = "goavega.Learn-Moya";
				PRODUCT_NAME = "$(TARGET_NAME)";
				SWIFT_VERSION = 4.0;
				TARGETED_DEVICE_FAMILY = "1,2";
			};
			name = Release;
		};
/* End XCBuildConfiguration section */

/* Begin XCConfigurationList section */
		3601D579214F91EC008197B8 /* Build configuration list for PBXProject "Learn Moya" */ = {
			isa = XCConfigurationList;
			buildConfigurations = (
				3601D58E214F91ED008197B8 /* Debug */,
				3601D58F214F91ED008197B8 /* Release */,
			);
			defaultConfigurationIsVisible = 0;
			defaultConfigurationName = Release;
		};
		3601D590214F91ED008197B8 /* Build configuration list for PBXNativeTarget "Learn Moya" */ = {
			isa = XCConfigurationList;
			buildConfigurations = (
				3601D591214F91ED008197B8 /* Debug */,
				3601D592214F91ED008197B8 /* Release */,
			);
			defaultConfigurationIsVisible = 0;
			defaultConfigurationName = Release;
		};
/* End XCConfigurationList section */
	};
	rootObject = 3601D576214F91EC008197B8 /* Project object */;
}
